// !$*UTF8*$!
{
	archiveVersion = 1;
	classes = {
	};
	objectVersion = 50;
	objects = {

/* Begin PBXBuildFile section */
		1BE7803E241983180077B8D3 /* AppDelegate.swift in Sources */ = {isa = PBXBuildFile; fileRef = 1BE7803D241983180077B8D3 /* AppDelegate.swift */; };
		1BE78040241983180077B8D3 /* SceneDelegate.swift in Sources */ = {isa = PBXBuildFile; fileRef = 1BE7803F241983180077B8D3 /* SceneDelegate.swift */; };
		1BE78045241983180077B8D3 /* Main.storyboard in Resources */ = {isa = PBXBuildFile; fileRef = 1BE78043241983180077B8D3 /* Main.storyboard */; };
		1BE780472419831B0077B8D3 /* Assets.xcassets in Resources */ = {isa = PBXBuildFile; fileRef = 1BE780462419831B0077B8D3 /* Assets.xcassets */; };
		1BE7804A2419831B0077B8D3 /* LaunchScreen.storyboard in Resources */ = {isa = PBXBuildFile; fileRef = 1BE780482419831B0077B8D3 /* LaunchScreen.storyboard */; };
		1BE78052241987F60077B8D3 /* CameraPreviewView.swift in Sources */ = {isa = PBXBuildFile; fileRef = 1BE78051241987F60077B8D3 /* CameraPreviewView.swift */; };
		1BE7805424198CB90077B8D3 /* AudioPostsTableViewController.swift in Sources */ = {isa = PBXBuildFile; fileRef = 1BE7805324198CB90077B8D3 /* AudioPostsTableViewController.swift */; };
		1BE78056241991D80077B8D3 /* DetailPostViewController.swift in Sources */ = {isa = PBXBuildFile; fileRef = 1BE78055241991D80077B8D3 /* DetailPostViewController.swift */; };
		1BE78058241992AE0077B8D3 /* CameraViewController.swift in Sources */ = {isa = PBXBuildFile; fileRef = 1BE78057241992AE0077B8D3 /* CameraViewController.swift */; };
/* End PBXBuildFile section */

/* Begin PBXFileReference section */
		1BE7803A241983180077B8D3 /* VideoPosts.app */ = {isa = PBXFileReference; explicitFileType = wrapper.application; includeInIndex = 0; path = VideoPosts.app; sourceTree = BUILT_PRODUCTS_DIR; };
		1BE7803D241983180077B8D3 /* AppDelegate.swift */ = {isa = PBXFileReference; lastKnownFileType = sourcecode.swift; path = AppDelegate.swift; sourceTree = "<group>"; };
		1BE7803F241983180077B8D3 /* SceneDelegate.swift */ = {isa = PBXFileReference; lastKnownFileType = sourcecode.swift; path = SceneDelegate.swift; sourceTree = "<group>"; };
		1BE78044241983180077B8D3 /* Base */ = {isa = PBXFileReference; lastKnownFileType = file.storyboard; name = Base; path = Base.lproj/Main.storyboard; sourceTree = "<group>"; };
		1BE780462419831B0077B8D3 /* Assets.xcassets */ = {isa = PBXFileReference; lastKnownFileType = folder.assetcatalog; path = Assets.xcassets; sourceTree = "<group>"; };
		1BE780492419831B0077B8D3 /* Base */ = {isa = PBXFileReference; lastKnownFileType = file.storyboard; name = Base; path = Base.lproj/LaunchScreen.storyboard; sourceTree = "<group>"; };
		1BE7804B2419831B0077B8D3 /* Info.plist */ = {isa = PBXFileReference; lastKnownFileType = text.plist.xml; path = Info.plist; sourceTree = "<group>"; };
		1BE78051241987F60077B8D3 /* CameraPreviewView.swift */ = {isa = PBXFileReference; lastKnownFileType = sourcecode.swift; path = CameraPreviewView.swift; sourceTree = "<group>"; };
		1BE7805324198CB90077B8D3 /* AudioPostsTableViewController.swift */ = {isa = PBXFileReference; lastKnownFileType = sourcecode.swift; path = AudioPostsTableViewController.swift; sourceTree = "<group>"; };
		1BE78055241991D80077B8D3 /* DetailPostViewController.swift */ = {isa = PBXFileReference; lastKnownFileType = sourcecode.swift; path = DetailPostViewController.swift; sourceTree = "<group>"; };
		1BE78057241992AE0077B8D3 /* CameraViewController.swift */ = {isa = PBXFileReference; lastKnownFileType = sourcecode.swift; path = CameraViewController.swift; sourceTree = "<group>"; };
/* End PBXFileReference section */

/* Begin PBXFrameworksBuildPhase section */
		1BE78037241983180077B8D3 /* Frameworks */ = {
			isa = PBXFrameworksBuildPhase;
			buildActionMask = 2147483647;
			files = (
			);
			runOnlyForDeploymentPostprocessing = 0;
		};
/* End PBXFrameworksBuildPhase section */

/* Begin PBXGroup section */
		1BE78031241983180077B8D3 = {
			isa = PBXGroup;
			children = (
				1BE7803C241983180077B8D3 /* VideoPosts */,
				1BE7803B241983180077B8D3 /* Products */,
			);
			sourceTree = "<group>";
		};
		1BE7803B241983180077B8D3 /* Products */ = {
			isa = PBXGroup;
			children = (
				1BE7803A241983180077B8D3 /* VideoPosts.app */,
			);
			name = Products;
			sourceTree = "<group>";
		};
		1BE7803C241983180077B8D3 /* VideoPosts */ = {
			isa = PBXGroup;
			children = (
				1BE78043241983180077B8D3 /* Main.storyboard */,
				1BE7805324198CB90077B8D3 /* AudioPostsTableViewController.swift */,
				1BE78055241991D80077B8D3 /* DetailPostViewController.swift */,
				1BE78057241992AE0077B8D3 /* CameraViewController.swift */,
				1BE78051241987F60077B8D3 /* CameraPreviewView.swift */,
				1BE780592419954C0077B8D3 /* Junk */,
			);
			path = VideoPosts;
			sourceTree = "<group>";
		};
		1BE780592419954C0077B8D3 /* Junk */ = {
			isa = PBXGroup;
			children = (
				1BE780462419831B0077B8D3 /* Assets.xcassets */,
				1BE7804B2419831B0077B8D3 /* Info.plist */,
				1BE7803D241983180077B8D3 /* AppDelegate.swift */,
				1BE7803F241983180077B8D3 /* SceneDelegate.swift */,
				1BE780482419831B0077B8D3 /* LaunchScreen.storyboard */,
			);
			name = Junk;
			sourceTree = "<group>";
		};
/* End PBXGroup section */

/* Begin PBXNativeTarget section */
		1BE78039241983180077B8D3 /* VideoPosts */ = {
			isa = PBXNativeTarget;
			buildConfigurationList = 1BE7804E2419831B0077B8D3 /* Build configuration list for PBXNativeTarget "VideoPosts" */;
			buildPhases = (
				1BE78036241983180077B8D3 /* Sources */,
				1BE78037241983180077B8D3 /* Frameworks */,
				1BE78038241983180077B8D3 /* Resources */,
			);
			buildRules = (
			);
			dependencies = (
			);
			name = VideoPosts;
			productName = VideoPosts;
			productReference = 1BE7803A241983180077B8D3 /* VideoPosts.app */;
			productType = "com.apple.product-type.application";
		};
/* End PBXNativeTarget section */

/* Begin PBXProject section */
		1BE78032241983180077B8D3 /* Project object */ = {
			isa = PBXProject;
			attributes = {
				LastSwiftUpdateCheck = 1130;
				LastUpgradeCheck = 1130;
				ORGANIZATIONNAME = "Jorge Alvarez";
				TargetAttributes = {
					1BE78039241983180077B8D3 = {
						CreatedOnToolsVersion = 11.3.1;
					};
				};
			};
			buildConfigurationList = 1BE78035241983180077B8D3 /* Build configuration list for PBXProject "VideoPosts" */;
			compatibilityVersion = "Xcode 9.3";
			developmentRegion = en;
			hasScannedForEncodings = 0;
			knownRegions = (
				en,
				Base,
			);
			mainGroup = 1BE78031241983180077B8D3;
			productRefGroup = 1BE7803B241983180077B8D3 /* Products */;
			projectDirPath = "";
			projectRoot = "";
			targets = (
				1BE78039241983180077B8D3 /* VideoPosts */,
			);
		};
/* End PBXProject section */

/* Begin PBXResourcesBuildPhase section */
		1BE78038241983180077B8D3 /* Resources */ = {
			isa = PBXResourcesBuildPhase;
			buildActionMask = 2147483647;
			files = (
				1BE7804A2419831B0077B8D3 /* LaunchScreen.storyboard in Resources */,
				1BE780472419831B0077B8D3 /* Assets.xcassets in Resources */,
				1BE78045241983180077B8D3 /* Main.storyboard in Resources */,
			);
			runOnlyForDeploymentPostprocessing = 0;
		};
/* End PBXResourcesBuildPhase section */

/* Begin PBXSourcesBuildPhase section */
		1BE78036241983180077B8D3 /* Sources */ = {
			isa = PBXSourcesBuildPhase;
			buildActionMask = 2147483647;
			files = (
				1BE7805424198CB90077B8D3 /* AudioPostsTableViewController.swift in Sources */,
				1BE78052241987F60077B8D3 /* CameraPreviewView.swift in Sources */,
				1BE7803E241983180077B8D3 /* AppDelegate.swift in Sources */,
				1BE78040241983180077B8D3 /* SceneDelegate.swift in Sources */,
				1BE78056241991D80077B8D3 /* DetailPostViewController.swift in Sources */,
				1BE78058241992AE0077B8D3 /* CameraViewController.swift in Sources */,
			);
			runOnlyForDeploymentPostprocessing = 0;
		};
/* End PBXSourcesBuildPhase section */

/* Begin PBXVariantGroup section */
		1BE78043241983180077B8D3 /* Main.storyboard */ = {
			isa = PBXVariantGroup;
			children = (
				1BE78044241983180077B8D3 /* Base */,
			);
			name = Main.storyboard;
			sourceTree = "<group>";
		};
		1BE780482419831B0077B8D3 /* LaunchScreen.storyboard */ = {
			isa = PBXVariantGroup;
			children = (
				1BE780492419831B0077B8D3 /* Base */,
			);
			name = LaunchScreen.storyboard;
			sourceTree = "<group>";
		};
/* End PBXVariantGroup section */

/* Begin XCBuildConfiguration section */
		1BE7804C2419831B0077B8D3 /* Debug */ = {
			isa = XCBuildConfiguration;
			buildSettings = {
				ALWAYS_SEARCH_USER_PATHS = NO;
				CLANG_ANALYZER_NONNULL = YES;
				CLANG_ANALYZER_NUMBER_OBJECT_CONVERSION = YES_AGGRESSIVE;
				CLANG_CXX_LANGUAGE_STANDARD = "gnu++14";
				CLANG_CXX_LIBRARY = "libc++";
				CLANG_ENABLE_MODULES = YES;
				CLANG_ENABLE_OBJC_ARC = YES;
				CLANG_ENABLE_OBJC_WEAK = YES;
				CLANG_WARN_BLOCK_CAPTURE_AUTORELEASING = YES;
				CLANG_WARN_BOOL_CONVERSION = YES;
				CLANG_WARN_COMMA = YES;
				CLANG_WARN_CONSTANT_CONVERSION = YES;
				CLANG_WARN_DEPRECATED_OBJC_IMPLEMENTATIONS = YES;
				CLANG_WARN_DIRECT_OBJC_ISA_USAGE = YES_ERROR;
				CLANG_WARN_DOCUMENTATION_COMMENTS = YES;
				CLANG_WARN_EMPTY_BODY = YES;
				CLANG_WARN_ENUM_CONVERSION = YES;
				CLANG_WARN_INFINITE_RECURSION = YES;
				CLANG_WARN_INT_CONVERSION = YES;
				CLANG_WARN_NON_LITERAL_NULL_CONVERSION = YES;
				CLANG_WARN_OBJC_IMPLICIT_RETAIN_SELF = YES;
				CLANG_WARN_OBJC_LITERAL_CONVERSION = YES;
				CLANG_WARN_OBJC_ROOT_CLASS = YES_ERROR;
				CLANG_WARN_RANGE_LOOP_ANALYSIS = YES;
				CLANG_WARN_STRICT_PROTOTYPES = YES;
				CLANG_WARN_SUSPICIOUS_MOVE = YES;
				CLANG_WARN_UNGUARDED_AVAILABILITY = YES_AGGRESSIVE;
				CLANG_WARN_UNREACHABLE_CODE = YES;
				CLANG_WARN__DUPLICATE_METHOD_MATCH = YES;
				COPY_PHASE_STRIP = NO;
				DEBUG_INFORMATION_FORMAT = dwarf;
				ENABLE_STRICT_OBJC_MSGSEND = YES;
				ENABLE_TESTABILITY = YES;
				GCC_C_LANGUAGE_STANDARD = gnu11;
				GCC_DYNAMIC_NO_PIC = NO;
				GCC_NO_COMMON_BLOCKS = YES;
				GCC_OPTIMIZATION_LEVEL = 0;
				GCC_PREPROCESSOR_DEFINITIONS = (
					"DEBUG=1",
					"$(inherited)",
				);
				GCC_WARN_64_TO_32_BIT_CONVERSION = YES;
				GCC_WARN_ABOUT_RETURN_TYPE = YES_ERROR;
				GCC_WARN_UNDECLARED_SELECTOR = YES;
				GCC_WARN_UNINITIALIZED_AUTOS = YES_AGGRESSIVE;
				GCC_WARN_UNUSED_FUNCTION = YES;
				GCC_WARN_UNUSED_VARIABLE = YES;
				IPHONEOS_DEPLOYMENT_TARGET = 13.2;
				MTL_ENABLE_DEBUG_INFO = INCLUDE_SOURCE;
				MTL_FAST_MATH = YES;
				ONLY_ACTIVE_ARCH = YES;
				SDKROOT = iphoneos;
				SWIFT_ACTIVE_COMPILATION_CONDITIONS = DEBUG;
				SWIFT_OPTIMIZATION_LEVEL = "-Onone";
			};
			name = Debug;
		};
		1BE7804D2419831B0077B8D3 /* Release */ = {
			isa = XCBuildConfiguration;
			buildSettings = {
				ALWAYS_SEARCH_USER_PATHS = NO;
				CLANG_ANALYZER_NONNULL = YES;
				CLANG_ANALYZER_NUMBER_OBJECT_CONVERSION = YES_AGGRESSIVE;
				CLANG_CXX_LANGUAGE_STANDARD = "gnu++14";
				CLANG_CXX_LIBRARY = "libc++";
				CLANG_ENABLE_MODULES = YES;
				CLANG_ENABLE_OBJC_ARC = YES;
				CLANG_ENABLE_OBJC_WEAK = YES;
				CLANG_WARN_BLOCK_CAPTURE_AUTORELEASING = YES;
				CLANG_WARN_BOOL_CONVERSION = YES;
				CLANG_WARN_COMMA = YES;
				CLANG_WARN_CONSTANT_CONVERSION = YES;
				CLANG_WARN_DEPRECATED_OBJC_IMPLEMENTATIONS = YES;
				CLANG_WARN_DIRECT_OBJC_ISA_USAGE = YES_ERROR;
				CLANG_WARN_DOCUMENTATION_COMMENTS = YES;
				CLANG_WARN_EMPTY_BODY = YES;
				CLANG_WARN_ENUM_CONVERSION = YES;
				CLANG_WARN_INFINITE_RECURSION = YES;
				CLANG_WARN_INT_CONVERSION = YES;
				CLANG_WARN_NON_LITERAL_NULL_CONVERSION = YES;
				CLANG_WARN_OBJC_IMPLICIT_RETAIN_SELF = YES;
				CLANG_WARN_OBJC_LITERAL_CONVERSION = YES;
				CLANG_WARN_OBJC_ROOT_CLASS = YES_ERROR;
				CLANG_WARN_RANGE_LOOP_ANALYSIS = YES;
				CLANG_WARN_STRICT_PROTOTYPES = YES;
				CLANG_WARN_SUSPICIOUS_MOVE = YES;
				CLANG_WARN_UNGUARDED_AVAILABILITY = YES_AGGRESSIVE;
				CLANG_WARN_UNREACHABLE_CODE = YES;
				CLANG_WARN__DUPLICATE_METHOD_MATCH = YES;
				COPY_PHASE_STRIP = NO;
				DEBUG_INFORMATION_FORMAT = "dwarf-with-dsym";
				ENABLE_NS_ASSERTIONS = NO;
				ENABLE_STRICT_OBJC_MSGSEND = YES;
				GCC_C_LANGUAGE_STANDARD = gnu11;
				GCC_NO_COMMON_BLOCKS = YES;
				GCC_WARN_64_TO_32_BIT_CONVERSION = YES;
				GCC_WARN_ABOUT_RETURN_TYPE = YES_ERROR;
				GCC_WARN_UNDECLARED_SELECTOR = YES;
				GCC_WARN_UNINITIALIZED_AUTOS = YES_AGGRESSIVE;
				GCC_WARN_UNUSED_FUNCTION = YES;
				GCC_WARN_UNUSED_VARIABLE = YES;
				IPHONEOS_DEPLOYMENT_TARGET = 13.2;
				MTL_ENABLE_DEBUG_INFO = NO;
				MTL_FAST_MATH = YES;
				SDKROOT = iphoneos;
				SWIFT_COMPILATION_MODE = wholemodule;
				SWIFT_OPTIMIZATION_LEVEL = "-O";
				VALIDATE_PRODUCT = YES;
			};
			name = Release;
		};
		1BE7804F2419831B0077B8D3 /* Debug */ = {
			isa = XCBuildConfiguration;
			buildSettings = {
				ASSETCATALOG_COMPILER_APPICON_NAME = AppIcon;
				CODE_SIGN_STYLE = Automatic;
				DEVELOPMENT_TEAM = XFZ73X2DJQ;
				INFOPLIST_FILE = VideoPosts/Info.plist;
				LD_RUNPATH_SEARCH_PATHS = (
					"$(inherited)",
					"@executable_path/Frameworks",
				);
				PRODUCT_BUNDLE_IDENTIFIER = com.jorgealvarez.VideoPosts;
				PRODUCT_NAME = "$(TARGET_NAME)";
				SWIFT_VERSION = 5.0;
				TARGETED_DEVICE_FAMILY = "1,2";
			};
			name = Debug;
		};
		1BE780502419831B0077B8D3 /* Release */ = {
			isa = XCBuildConfiguration;
			buildSettings = {
				ASSETCATALOG_COMPILER_APPICON_NAME = AppIcon;
				CODE_SIGN_STYLE = Automatic;
				DEVELOPMENT_TEAM = XFZ73X2DJQ;
				INFOPLIST_FILE = VideoPosts/Info.plist;
				LD_RUNPATH_SEARCH_PATHS = (
					"$(inherited)",
					"@executable_path/Frameworks",
				);
				PRODUCT_BUNDLE_IDENTIFIER = com.jorgealvarez.VideoPosts;
				PRODUCT_NAME = "$(TARGET_NAME)";
				SWIFT_VERSION = 5.0;
				TARGETED_DEVICE_FAMILY = "1,2";
			};
			name = Release;
		};
/* End XCBuildConfiguration section */

/* Begin XCConfigurationList section */
		1BE78035241983180077B8D3 /* Build configuration list for PBXProject "VideoPosts" */ = {
			isa = XCConfigurationList;
			buildConfigurations = (
				1BE7804C2419831B0077B8D3 /* Debug */,
				1BE7804D2419831B0077B8D3 /* Release */,
			);
			defaultConfigurationIsVisible = 0;
			defaultConfigurationName = Release;
		};
		1BE7804E2419831B0077B8D3 /* Build configuration list for PBXNativeTarget "VideoPosts" */ = {
			isa = XCConfigurationList;
			buildConfigurations = (
				1BE7804F2419831B0077B8D3 /* Debug */,
				1BE780502419831B0077B8D3 /* Release */,
			);
			defaultConfigurationIsVisible = 0;
			defaultConfigurationName = Release;
		};
/* End XCConfigurationList section */
	};
	rootObject = 1BE78032241983180077B8D3 /* Project object */;
}
